
Microsoft Visual Studio Solution File, Format Version 12.00
# Visual Studio 15
VisualStudioVersion = 15.0.27130.2036
MinimumVisualStudioVersion = 10.0.40219.1
Project("{FAE04EC0-301F-11D3-BF4B-00C04F79EFBC}") = "CodeTest", "CodeTest\CodeTest.csproj", "{3B9793C5-E08D-4312-8DA4-0E99E7A4EBD4}"
EndProject
Project("{FAE04EC0-301F-11D3-BF4B-00C04F79EFBC}") = "Tests", "Tests\Tests\Tests.csproj", "{40819C2C-C50E-49F2-AB99-5CDF6E2628E5}"
EndProject
Project("{2150E333-8FDC-42A3-9474-1A3956D46DE8}") = "Client", "Client", "{FFAEE311-2646-41D5-B465-2FC63713BF33}"
EndProject
Project("{FAE04EC0-301F-11D3-BF4B-00C04F79EFBC}") = "ClientMobile.Android", "ClientMobile\ClientMobile.Android\ClientMobile.Android.csproj", "{B97C4E50-DAA7-4D7B-B986-F141389C8E6E}"
EndProject
Project("{FAE04EC0-301F-11D3-BF4B-00C04F79EFBC}") = "ClientMobile.iOS", "ClientMobile\ClientMobile.iOS\ClientMobile.iOS.csproj", "{A3D98589-B9CA-45CB-9375-15F4A31897E5}"
EndProject
Project("{FAE04EC0-301F-11D3-BF4B-00C04F79EFBC}") = "ClientMobile.UWP", "ClientMobile\ClientMobile.UWP\ClientMobile.UWP.csproj", "{257CE831-8234-400C-8A87-A45AAB3A0290}"
EndProject
Project("{FAE04EC0-301F-11D3-BF4B-00C04F79EFBC}") = "ClientMobile", "ClientMobile\ClientMobile\ClientMobile.csproj", "{355A1131-B35A-455D-A6B0-E2B391A2C4C5}"
EndProject
Global
	GlobalSection(SolutionConfigurationPlatforms) = preSolution
		Ad-Hoc|Any CPU = Ad-Hoc|Any CPU
		Ad-Hoc|ARM = Ad-Hoc|ARM
		Ad-Hoc|iPhone = Ad-Hoc|iPhone
		Ad-Hoc|iPhoneSimulator = Ad-Hoc|iPhoneSimulator
		Ad-Hoc|x64 = Ad-Hoc|x64
		Ad-Hoc|x86 = Ad-Hoc|x86
		AppStore|Any CPU = AppStore|Any CPU
		AppStore|ARM = AppStore|ARM
		AppStore|iPhone = AppStore|iPhone
		AppStore|iPhoneSimulator = AppStore|iPhoneSimulator
		AppStore|x64 = AppStore|x64
		AppStore|x86 = AppStore|x86
		Debug|Any CPU = Debug|Any CPU
		Debug|ARM = Debug|ARM
		Debug|iPhone = Debug|iPhone
		Debug|iPhoneSimulator = Debug|iPhoneSimulator
		Debug|x64 = Debug|x64
		Debug|x86 = Debug|x86
		Release|Any CPU = Release|Any CPU
		Release|ARM = Release|ARM
		Release|iPhone = Release|iPhone
		Release|iPhoneSimulator = Release|iPhoneSimulator
		Release|x64 = Release|x64
		Release|x86 = Release|x86
	EndGlobalSection
	GlobalSection(ProjectConfigurationPlatforms) = postSolution
		{3B9793C5-E08D-4312-8DA4-0E99E7A4EBD4}.Ad-Hoc|Any CPU.ActiveCfg = Debug|Any CPU
		{3B9793C5-E08D-4312-8DA4-0E99E7A4EBD4}.Ad-Hoc|Any CPU.Build.0 = Debug|Any CPU
		{3B9793C5-E08D-4312-8DA4-0E99E7A4EBD4}.Ad-Hoc|ARM.ActiveCfg = Debug|Any CPU
		{3B9793C5-E08D-4312-8DA4-0E99E7A4EBD4}.Ad-Hoc|ARM.Build.0 = Debug|Any CPU
		{3B9793C5-E08D-4312-8DA4-0E99E7A4EBD4}.Ad-Hoc|iPhone.ActiveCfg = Debug|Any CPU
		{3B9793C5-E08D-4312-8DA4-0E99E7A4EBD4}.Ad-Hoc|iPhone.Build.0 = Debug|Any CPU
		{3B9793C5-E08D-4312-8DA4-0E99E7A4EBD4}.Ad-Hoc|iPhoneSimulator.ActiveCfg = Debug|Any CPU
		{3B9793C5-E08D-4312-8DA4-0E99E7A4EBD4}.Ad-Hoc|iPhoneSimulator.Build.0 = Debug|Any CPU
		{3B9793C5-E08D-4312-8DA4-0E99E7A4EBD4}.Ad-Hoc|x64.ActiveCfg = Debug|Any CPU
		{3B9793C5-E08D-4312-8DA4-0E99E7A4EBD4}.Ad-Hoc|x64.Build.0 = Debug|Any CPU
		{3B9793C5-E08D-4312-8DA4-0E99E7A4EBD4}.Ad-Hoc|x86.ActiveCfg = Debug|Any CPU
		{3B9793C5-E08D-4312-8DA4-0E99E7A4EBD4}.Ad-Hoc|x86.Build.0 = Debug|Any CPU
		{3B9793C5-E08D-4312-8DA4-0E99E7A4EBD4}.AppStore|Any CPU.ActiveCfg = Debug|Any CPU
		{3B9793C5-E08D-4312-8DA4-0E99E7A4EBD4}.AppStore|Any CPU.Build.0 = Debug|Any CPU
		{3B9793C5-E08D-4312-8DA4-0E99E7A4EBD4}.AppStore|ARM.ActiveCfg = Debug|Any CPU
		{3B9793C5-E08D-4312-8DA4-0E99E7A4EBD4}.AppStore|ARM.Build.0 = Debug|Any CPU
		{3B9793C5-E08D-4312-8DA4-0E99E7A4EBD4}.AppStore|iPhone.ActiveCfg = Debug|Any CPU
		{3B9793C5-E08D-4312-8DA4-0E99E7A4EBD4}.AppStore|iPhone.Build.0 = Debug|Any CPU
		{3B9793C5-E08D-4312-8DA4-0E99E7A4EBD4}.AppStore|iPhoneSimulator.ActiveCfg = Debug|Any CPU
		{3B9793C5-E08D-4312-8DA4-0E99E7A4EBD4}.AppStore|iPhoneSimulator.Build.0 = Debug|Any CPU
		{3B9793C5-E08D-4312-8DA4-0E99E7A4EBD4}.AppStore|x64.ActiveCfg = Debug|Any CPU
		{3B9793C5-E08D-4312-8DA4-0E99E7A4EBD4}.AppStore|x64.Build.0 = Debug|Any CPU
		{3B9793C5-E08D-4312-8DA4-0E99E7A4EBD4}.AppStore|x86.ActiveCfg = Debug|Any CPU
		{3B9793C5-E08D-4312-8DA4-0E99E7A4EBD4}.AppStore|x86.Build.0 = Debug|Any CPU
		{3B9793C5-E08D-4312-8DA4-0E99E7A4EBD4}.Debug|Any CPU.ActiveCfg = Debug|Any CPU
		{3B9793C5-E08D-4312-8DA4-0E99E7A4EBD4}.Debug|Any CPU.Build.0 = Debug|Any CPU
		{3B9793C5-E08D-4312-8DA4-0E99E7A4EBD4}.Debug|ARM.ActiveCfg = Debug|Any CPU
		{3B9793C5-E08D-4312-8DA4-0E99E7A4EBD4}.Debug|ARM.Build.0 = Debug|Any CPU
		{3B9793C5-E08D-4312-8DA4-0E99E7A4EBD4}.Debug|iPhone.ActiveCfg = Debug|Any CPU
		{3B9793C5-E08D-4312-8DA4-0E99E7A4EBD4}.Debug|iPhone.Build.0 = Debug|Any CPU
		{3B9793C5-E08D-4312-8DA4-0E99E7A4EBD4}.Debug|iPhoneSimulator.ActiveCfg = Debug|Any CPU
		{3B9793C5-E08D-4312-8DA4-0E99E7A4EBD4}.Debug|iPhoneSimulator.Build.0 = Debug|Any CPU
		{3B9793C5-E08D-4312-8DA4-0E99E7A4EBD4}.Debug|x64.ActiveCfg = Debug|Any CPU
		{3B9793C5-E08D-4312-8DA4-0E99E7A4EBD4}.Debug|x64.Build.0 = Debug|Any CPU
		{3B9793C5-E08D-4312-8DA4-0E99E7A4EBD4}.Debug|x86.ActiveCfg = Debug|Any CPU
		{3B9793C5-E08D-4312-8DA4-0E99E7A4EBD4}.Debug|x86.Build.0 = Debug|Any CPU
		{3B9793C5-E08D-4312-8DA4-0E99E7A4EBD4}.Release|Any CPU.ActiveCfg = Release|Any CPU
		{3B9793C5-E08D-4312-8DA4-0E99E7A4EBD4}.Release|Any CPU.Build.0 = Release|Any CPU
		{3B9793C5-E08D-4312-8DA4-0E99E7A4EBD4}.Release|ARM.ActiveCfg = Release|Any CPU
		{3B9793C5-E08D-4312-8DA4-0E99E7A4EBD4}.Release|ARM.Build.0 = Release|Any CPU
		{3B9793C5-E08D-4312-8DA4-0E99E7A4EBD4}.Release|iPhone.ActiveCfg = Release|Any CPU
		{3B9793C5-E08D-4312-8DA4-0E99E7A4EBD4}.Release|iPhone.Build.0 = Release|Any CPU
		{3B9793C5-E08D-4312-8DA4-0E99E7A4EBD4}.Release|iPhoneSimulator.ActiveCfg = Release|Any CPU
		{3B9793C5-E08D-4312-8DA4-0E99E7A4EBD4}.Release|iPhoneSimulator.Build.0 = Release|Any CPU
		{3B9793C5-E08D-4312-8DA4-0E99E7A4EBD4}.Release|x64.ActiveCfg = Release|Any CPU
		{3B9793C5-E08D-4312-8DA4-0E99E7A4EBD4}.Release|x64.Build.0 = Release|Any CPU
		{3B9793C5-E08D-4312-8DA4-0E99E7A4EBD4}.Release|x86.ActiveCfg = Release|Any CPU
		{3B9793C5-E08D-4312-8DA4-0E99E7A4EBD4}.Release|x86.Build.0 = Release|Any CPU
		{40819C2C-C50E-49F2-AB99-5CDF6E2628E5}.Ad-Hoc|Any CPU.ActiveCfg = Debug|Any CPU
		{40819C2C-C50E-49F2-AB99-5CDF6E2628E5}.Ad-Hoc|Any CPU.Build.0 = Debug|Any CPU
		{40819C2C-C50E-49F2-AB99-5CDF6E2628E5}.Ad-Hoc|ARM.ActiveCfg = Debug|Any CPU
		{40819C2C-C50E-49F2-AB99-5CDF6E2628E5}.Ad-Hoc|ARM.Build.0 = Debug|Any CPU
		{40819C2C-C50E-49F2-AB99-5CDF6E2628E5}.Ad-Hoc|iPhone.ActiveCfg = Debug|Any CPU
		{40819C2C-C50E-49F2-AB99-5CDF6E2628E5}.Ad-Hoc|iPhone.Build.0 = Debug|Any CPU
		{40819C2C-C50E-49F2-AB99-5CDF6E2628E5}.Ad-Hoc|iPhoneSimulator.ActiveCfg = Debug|Any CPU
		{40819C2C-C50E-49F2-AB99-5CDF6E2628E5}.Ad-Hoc|iPhoneSimulator.Build.0 = Debug|Any CPU
		{40819C2C-C50E-49F2-AB99-5CDF6E2628E5}.Ad-Hoc|x64.ActiveCfg = Debug|Any CPU
		{40819C2C-C50E-49F2-AB99-5CDF6E2628E5}.Ad-Hoc|x64.Build.0 = Debug|Any CPU
		{40819C2C-C50E-49F2-AB99-5CDF6E2628E5}.Ad-Hoc|x86.ActiveCfg = Debug|Any CPU
		{40819C2C-C50E-49F2-AB99-5CDF6E2628E5}.Ad-Hoc|x86.Build.0 = Debug|Any CPU
		{40819C2C-C50E-49F2-AB99-5CDF6E2628E5}.AppStore|Any CPU.ActiveCfg = Debug|Any CPU
		{40819C2C-C50E-49F2-AB99-5CDF6E2628E5}.AppStore|Any CPU.Build.0 = Debug|Any CPU
		{40819C2C-C50E-49F2-AB99-5CDF6E2628E5}.AppStore|ARM.ActiveCfg = Debug|Any CPU
		{40819C2C-C50E-49F2-AB99-5CDF6E2628E5}.AppStore|ARM.Build.0 = Debug|Any CPU
		{40819C2C-C50E-49F2-AB99-5CDF6E2628E5}.AppStore|iPhone.ActiveCfg = Debug|Any CPU
		{40819C2C-C50E-49F2-AB99-5CDF6E2628E5}.AppStore|iPhone.Build.0 = Debug|Any CPU
		{40819C2C-C50E-49F2-AB99-5CDF6E2628E5}.AppStore|iPhoneSimulator.ActiveCfg = Debug|Any CPU
		{40819C2C-C50E-49F2-AB99-5CDF6E2628E5}.AppStore|iPhoneSimulator.Build.0 = Debug|Any CPU
		{40819C2C-C50E-49F2-AB99-5CDF6E2628E5}.AppStore|x64.ActiveCfg = Debug|Any CPU
		{40819C2C-C50E-49F2-AB99-5CDF6E2628E5}.AppStore|x64.Build.0 = Debug|Any CPU
		{40819C2C-C50E-49F2-AB99-5CDF6E2628E5}.AppStore|x86.ActiveCfg = Debug|Any CPU
		{40819C2C-C50E-49F2-AB99-5CDF6E2628E5}.AppStore|x86.Build.0 = Debug|Any CPU
		{40819C2C-C50E-49F2-AB99-5CDF6E2628E5}.Debug|Any CPU.ActiveCfg = Debug|Any CPU
		{40819C2C-C50E-49F2-AB99-5CDF6E2628E5}.Debug|Any CPU.Build.0 = Debug|Any CPU
		{40819C2C-C50E-49F2-AB99-5CDF6E2628E5}.Debug|ARM.ActiveCfg = Debug|Any CPU
		{40819C2C-C50E-49F2-AB99-5CDF6E2628E5}.Debug|ARM.Build.0 = Debug|Any CPU
		{40819C2C-C50E-49F2-AB99-5CDF6E2628E5}.Debug|iPhone.ActiveCfg = Debug|Any CPU
		{40819C2C-C50E-49F2-AB99-5CDF6E2628E5}.Debug|iPhone.Build.0 = Debug|Any CPU
		{40819C2C-C50E-49F2-AB99-5CDF6E2628E5}.Debug|iPhoneSimulator.ActiveCfg = Debug|Any CPU
		{40819C2C-C50E-49F2-AB99-5CDF6E2628E5}.Debug|iPhoneSimulator.Build.0 = Debug|Any CPU
		{40819C2C-C50E-49F2-AB99-5CDF6E2628E5}.Debug|x64.ActiveCfg = Debug|Any CPU
		{40819C2C-C50E-49F2-AB99-5CDF6E2628E5}.Debug|x64.Build.0 = Debug|Any CPU
		{40819C2C-C50E-49F2-AB99-5CDF6E2628E5}.Debug|x86.ActiveCfg = Debug|Any CPU
		{40819C2C-C50E-49F2-AB99-5CDF6E2628E5}.Debug|x86.Build.0 = Debug|Any CPU
		{40819C2C-C50E-49F2-AB99-5CDF6E2628E5}.Release|Any CPU.ActiveCfg = Release|Any CPU
		{40819C2C-C50E-49F2-AB99-5CDF6E2628E5}.Release|Any CPU.Build.0 = Release|Any CPU
		{40819C2C-C50E-49F2-AB99-5CDF6E2628E5}.Release|ARM.ActiveCfg = Release|Any CPU
		{40819C2C-C50E-49F2-AB99-5CDF6E2628E5}.Release|ARM.Build.0 = Release|Any CPU
		{40819C2C-C50E-49F2-AB99-5CDF6E2628E5}.Release|iPhone.ActiveCfg = Release|Any CPU
		{40819C2C-C50E-49F2-AB99-5CDF6E2628E5}.Release|iPhone.Build.0 = Release|Any CPU
		{40819C2C-C50E-49F2-AB99-5CDF6E2628E5}.Release|iPhoneSimulator.ActiveCfg = Release|Any CPU
		{40819C2C-C50E-49F2-AB99-5CDF6E2628E5}.Release|iPhoneSimulator.Build.0 = Release|Any CPU
		{40819C2C-C50E-49F2-AB99-5CDF6E2628E5}.Release|x64.ActiveCfg = Release|Any CPU
		{40819C2C-C50E-49F2-AB99-5CDF6E2628E5}.Release|x64.Build.0 = Release|Any CPU
		{40819C2C-C50E-49F2-AB99-5CDF6E2628E5}.Release|x86.ActiveCfg = Release|Any CPU
		{40819C2C-C50E-49F2-AB99-5CDF6E2628E5}.Release|x86.Build.0 = Release|Any CPU
		{B97C4E50-DAA7-4D7B-B986-F141389C8E6E}.Ad-Hoc|Any CPU.ActiveCfg = Release|Any CPU
		{B97C4E50-DAA7-4D7B-B986-F141389C8E6E}.Ad-Hoc|Any CPU.Build.0 = Release|Any CPU
		{B97C4E50-DAA7-4D7B-B986-F141389C8E6E}.Ad-Hoc|Any CPU.Deploy.0 = Release|Any CPU
		{B97C4E50-DAA7-4D7B-B986-F141389C8E6E}.Ad-Hoc|ARM.ActiveCfg = Release|Any CPU
		{B97C4E50-DAA7-4D7B-B986-F141389C8E6E}.Ad-Hoc|ARM.Build.0 = Release|Any CPU
		{B97C4E50-DAA7-4D7B-B986-F141389C8E6E}.Ad-Hoc|ARM.Deploy.0 = Release|Any CPU
		{B97C4E50-DAA7-4D7B-B986-F141389C8E6E}.Ad-Hoc|iPhone.ActiveCfg = Release|Any CPU
		{B97C4E50-DAA7-4D7B-B986-F141389C8E6E}.Ad-Hoc|iPhone.Build.0 = Release|Any CPU
		{B97C4E50-DAA7-4D7B-B986-F141389C8E6E}.Ad-Hoc|iPhone.Deploy.0 = Release|Any CPU
		{B97C4E50-DAA7-4D7B-B986-F141389C8E6E}.Ad-Hoc|iPhoneSimulator.ActiveCfg = Release|Any CPU
		{B97C4E50-DAA7-4D7B-B986-F141389C8E6E}.Ad-Hoc|iPhoneSimulator.Build.0 = Release|Any CPU
		{B97C4E50-DAA7-4D7B-B986-F141389C8E6E}.Ad-Hoc|iPhoneSimulator.Deploy.0 = Release|Any CPU
		{B97C4E50-DAA7-4D7B-B986-F141389C8E6E}.Ad-Hoc|x64.ActiveCfg = Release|Any CPU
		{B97C4E50-DAA7-4D7B-B986-F141389C8E6E}.Ad-Hoc|x64.Build.0 = Release|Any CPU
		{B97C4E50-DAA7-4D7B-B986-F141389C8E6E}.Ad-Hoc|x64.Deploy.0 = Release|Any CPU
		{B97C4E50-DAA7-4D7B-B986-F141389C8E6E}.Ad-Hoc|x86.ActiveCfg = Release|Any CPU
		{B97C4E50-DAA7-4D7B-B986-F141389C8E6E}.Ad-Hoc|x86.Build.0 = Release|Any CPU
		{B97C4E50-DAA7-4D7B-B986-F141389C8E6E}.Ad-Hoc|x86.Deploy.0 = Release|Any CPU
		{B97C4E50-DAA7-4D7B-B986-F141389C8E6E}.AppStore|Any CPU.ActiveCfg = Release|Any CPU
		{B97C4E50-DAA7-4D7B-B986-F141389C8E6E}.AppStore|Any CPU.Build.0 = Release|Any CPU
		{B97C4E50-DAA7-4D7B-B986-F141389C8E6E}.AppStore|Any CPU.Deploy.0 = Release|Any CPU
		{B97C4E50-DAA7-4D7B-B986-F141389C8E6E}.AppStore|ARM.ActiveCfg = Release|Any CPU
		{B97C4E50-DAA7-4D7B-B986-F141389C8E6E}.AppStore|ARM.Build.0 = Release|Any CPU
		{B97C4E50-DAA7-4D7B-B986-F141389C8E6E}.AppStore|ARM.Deploy.0 = Release|Any CPU
		{B97C4E50-DAA7-4D7B-B986-F141389C8E6E}.AppStore|iPhone.ActiveCfg = Release|Any CPU
		{B97C4E50-DAA7-4D7B-B986-F141389C8E6E}.AppStore|iPhone.Build.0 = Release|Any CPU
		{B97C4E50-DAA7-4D7B-B986-F141389C8E6E}.AppStore|iPhone.Deploy.0 = Release|Any CPU
		{B97C4E50-DAA7-4D7B-B986-F141389C8E6E}.AppStore|iPhoneSimulator.ActiveCfg = Release|Any CPU
		{B97C4E50-DAA7-4D7B-B986-F141389C8E6E}.AppStore|iPhoneSimulator.Build.0 = Release|Any CPU
		{B97C4E50-DAA7-4D7B-B986-F141389C8E6E}.AppStore|iPhoneSimulator.Deploy.0 = Release|Any CPU
		{B97C4E50-DAA7-4D7B-B986-F141389C8E6E}.AppStore|x64.ActiveCfg = Release|Any CPU
		{B97C4E50-DAA7-4D7B-B986-F141389C8E6E}.AppStore|x64.Build.0 = Release|Any CPU
		{B97C4E50-DAA7-4D7B-B986-F141389C8E6E}.AppStore|x64.Deploy.0 = Release|Any CPU
		{B97C4E50-DAA7-4D7B-B986-F141389C8E6E}.AppStore|x86.ActiveCfg = Release|Any CPU
		{B97C4E50-DAA7-4D7B-B986-F141389C8E6E}.AppStore|x86.Build.0 = Release|Any CPU
		{B97C4E50-DAA7-4D7B-B986-F141389C8E6E}.AppStore|x86.Deploy.0 = Release|Any CPU
		{B97C4E50-DAA7-4D7B-B986-F141389C8E6E}.Debug|Any CPU.ActiveCfg = Debug|Any CPU
		{B97C4E50-DAA7-4D7B-B986-F141389C8E6E}.Debug|Any CPU.Build.0 = Debug|Any CPU
		{B97C4E50-DAA7-4D7B-B986-F141389C8E6E}.Debug|Any CPU.Deploy.0 = Debug|Any CPU
		{B97C4E50-DAA7-4D7B-B986-F141389C8E6E}.Debug|ARM.ActiveCfg = Debug|Any CPU
		{B97C4E50-DAA7-4D7B-B986-F141389C8E6E}.Debug|ARM.Build.0 = Debug|Any CPU
		{B97C4E50-DAA7-4D7B-B986-F141389C8E6E}.Debug|ARM.Deploy.0 = Debug|Any CPU
		{B97C4E50-DAA7-4D7B-B986-F141389C8E6E}.Debug|iPhone.ActiveCfg = Debug|Any CPU
		{B97C4E50-DAA7-4D7B-B986-F141389C8E6E}.Debug|iPhone.Build.0 = Debug|Any CPU
		{B97C4E50-DAA7-4D7B-B986-F141389C8E6E}.Debug|iPhone.Deploy.0 = Debug|Any CPU
		{B97C4E50-DAA7-4D7B-B986-F141389C8E6E}.Debug|iPhoneSimulator.ActiveCfg = Debug|Any CPU
		{B97C4E50-DAA7-4D7B-B986-F141389C8E6E}.Debug|iPhoneSimulator.Build.0 = Debug|Any CPU
		{B97C4E50-DAA7-4D7B-B986-F141389C8E6E}.Debug|iPhoneSimulator.Deploy.0 = Debug|Any CPU
		{B97C4E50-DAA7-4D7B-B986-F141389C8E6E}.Debug|x64.ActiveCfg = Debug|Any CPU
		{B97C4E50-DAA7-4D7B-B986-F141389C8E6E}.Debug|x64.Build.0 = Debug|Any CPU
		{B97C4E50-DAA7-4D7B-B986-F141389C8E6E}.Debug|x64.Deploy.0 = Debug|Any CPU
		{B97C4E50-DAA7-4D7B-B986-F141389C8E6E}.Debug|x86.ActiveCfg = Debug|Any CPU
		{B97C4E50-DAA7-4D7B-B986-F141389C8E6E}.Debug|x86.Build.0 = Debug|Any CPU
		{B97C4E50-DAA7-4D7B-B986-F141389C8E6E}.Debug|x86.Deploy.0 = Debug|Any CPU
		{B97C4E50-DAA7-4D7B-B986-F141389C8E6E}.Release|Any CPU.ActiveCfg = Release|Any CPU
		{B97C4E50-DAA7-4D7B-B986-F141389C8E6E}.Release|Any CPU.Build.0 = Release|Any CPU
		{B97C4E50-DAA7-4D7B-B986-F141389C8E6E}.Release|Any CPU.Deploy.0 = Release|Any CPU
		{B97C4E50-DAA7-4D7B-B986-F141389C8E6E}.Release|ARM.ActiveCfg = Release|Any CPU
		{B97C4E50-DAA7-4D7B-B986-F141389C8E6E}.Release|ARM.Build.0 = Release|Any CPU
		{B97C4E50-DAA7-4D7B-B986-F141389C8E6E}.Release|ARM.Deploy.0 = Release|Any CPU
		{B97C4E50-DAA7-4D7B-B986-F141389C8E6E}.Release|iPhone.ActiveCfg = Release|Any CPU
		{B97C4E50-DAA7-4D7B-B986-F141389C8E6E}.Release|iPhone.Build.0 = Release|Any CPU
		{B97C4E50-DAA7-4D7B-B986-F141389C8E6E}.Release|iPhone.Deploy.0 = Release|Any CPU
		{B97C4E50-DAA7-4D7B-B986-F141389C8E6E}.Release|iPhoneSimulator.ActiveCfg = Release|Any CPU
		{B97C4E50-DAA7-4D7B-B986-F141389C8E6E}.Release|iPhoneSimulator.Build.0 = Release|Any CPU
		{B97C4E50-DAA7-4D7B-B986-F141389C8E6E}.Release|iPhoneSimulator.Deploy.0 = Release|Any CPU
		{B97C4E50-DAA7-4D7B-B986-F141389C8E6E}.Release|x64.ActiveCfg = Release|Any CPU
		{B97C4E50-DAA7-4D7B-B986-F141389C8E6E}.Release|x64.Build.0 = Release|Any CPU
		{B97C4E50-DAA7-4D7B-B986-F141389C8E6E}.Release|x64.Deploy.0 = Release|Any CPU
		{B97C4E50-DAA7-4D7B-B986-F141389C8E6E}.Release|x86.ActiveCfg = Release|Any CPU
		{B97C4E50-DAA7-4D7B-B986-F141389C8E6E}.Release|x86.Build.0 = Release|Any CPU
		{B97C4E50-DAA7-4D7B-B986-F141389C8E6E}.Release|x86.Deploy.0 = Release|Any CPU
		{A3D98589-B9CA-45CB-9375-15F4A31897E5}.Ad-Hoc|Any CPU.ActiveCfg = Ad-Hoc|iPhone
		{A3D98589-B9CA-45CB-9375-15F4A31897E5}.Ad-Hoc|ARM.ActiveCfg = Ad-Hoc|iPhone
		{A3D98589-B9CA-45CB-9375-15F4A31897E5}.Ad-Hoc|iPhone.ActiveCfg = Ad-Hoc|iPhone
		{A3D98589-B9CA-45CB-9375-15F4A31897E5}.Ad-Hoc|iPhone.Build.0 = Ad-Hoc|iPhone
		{A3D98589-B9CA-45CB-9375-15F4A31897E5}.Ad-Hoc|iPhoneSimulator.ActiveCfg = Ad-Hoc|iPhoneSimulator
		{A3D98589-B9CA-45CB-9375-15F4A31897E5}.Ad-Hoc|iPhoneSimulator.Build.0 = Ad-Hoc|iPhoneSimulator
		{A3D98589-B9CA-45CB-9375-15F4A31897E5}.Ad-Hoc|x64.ActiveCfg = Ad-Hoc|iPhone
		{A3D98589-B9CA-45CB-9375-15F4A31897E5}.Ad-Hoc|x86.ActiveCfg = Ad-Hoc|iPhone
		{A3D98589-B9CA-45CB-9375-15F4A31897E5}.AppStore|Any CPU.ActiveCfg = AppStore|iPhone
		{A3D98589-B9CA-45CB-9375-15F4A31897E5}.AppStore|ARM.ActiveCfg = AppStore|iPhone
		{A3D98589-B9CA-45CB-9375-15F4A31897E5}.AppStore|iPhone.ActiveCfg = AppStore|iPhone
		{A3D98589-B9CA-45CB-9375-15F4A31897E5}.AppStore|iPhone.Build.0 = AppStore|iPhone
		{A3D98589-B9CA-45CB-9375-15F4A31897E5}.AppStore|iPhoneSimulator.ActiveCfg = AppStore|iPhoneSimulator
		{A3D98589-B9CA-45CB-9375-15F4A31897E5}.AppStore|iPhoneSimulator.Build.0 = AppStore|iPhoneSimulator
		{A3D98589-B9CA-45CB-9375-15F4A31897E5}.AppStore|x64.ActiveCfg = AppStore|iPhone
		{A3D98589-B9CA-45CB-9375-15F4A31897E5}.AppStore|x86.ActiveCfg = AppStore|iPhone
		{A3D98589-B9CA-45CB-9375-15F4A31897E5}.Debug|Any CPU.ActiveCfg = Debug|iPhone
		{A3D98589-B9CA-45CB-9375-15F4A31897E5}.Debug|ARM.ActiveCfg = Debug|iPhone
		{A3D98589-B9CA-45CB-9375-15F4A31897E5}.Debug|iPhone.ActiveCfg = Debug|iPhone
		{A3D98589-B9CA-45CB-9375-15F4A31897E5}.Debug|iPhone.Build.0 = Debug|iPhone
		{A3D98589-B9CA-45CB-9375-15F4A31897E5}.Debug|iPhoneSimulator.ActiveCfg = Debug|iPhoneSimulator
		{A3D98589-B9CA-45CB-9375-15F4A31897E5}.Debug|iPhoneSimulator.Build.0 = Debug|iPhoneSimulator
		{A3D98589-B9CA-45CB-9375-15F4A31897E5}.Debug|x64.ActiveCfg = Debug|iPhone
		{A3D98589-B9CA-45CB-9375-15F4A31897E5}.Debug|x86.ActiveCfg = Debug|iPhone
		{A3D98589-B9CA-45CB-9375-15F4A31897E5}.Release|Any CPU.ActiveCfg = Release|iPhone
		{A3D98589-B9CA-45CB-9375-15F4A31897E5}.Release|ARM.ActiveCfg = Release|iPhone
		{A3D98589-B9CA-45CB-9375-15F4A31897E5}.Release|iPhone.ActiveCfg = Release|iPhone
		{A3D98589-B9CA-45CB-9375-15F4A31897E5}.Release|iPhone.Build.0 = Release|iPhone
		{A3D98589-B9CA-45CB-9375-15F4A31897E5}.Release|iPhoneSimulator.ActiveCfg = Release|iPhoneSimulator
		{A3D98589-B9CA-45CB-9375-15F4A31897E5}.Release|iPhoneSimulator.Build.0 = Release|iPhoneSimulator
		{A3D98589-B9CA-45CB-9375-15F4A31897E5}.Release|x64.ActiveCfg = Release|iPhone
		{A3D98589-B9CA-45CB-9375-15F4A31897E5}.Release|x86.ActiveCfg = Release|iPhone
		{257CE831-8234-400C-8A87-A45AAB3A0290}.Ad-Hoc|Any CPU.ActiveCfg = Release|x86
		{257CE831-8234-400C-8A87-A45AAB3A0290}.Ad-Hoc|Any CPU.Build.0 = Release|x86
		{257CE831-8234-400C-8A87-A45AAB3A0290}.Ad-Hoc|Any CPU.Deploy.0 = Release|x86
		{257CE831-8234-400C-8A87-A45AAB3A0290}.Ad-Hoc|ARM.ActiveCfg = Release|ARM
		{257CE831-8234-400C-8A87-A45AAB3A0290}.Ad-Hoc|ARM.Build.0 = Release|ARM
		{257CE831-8234-400C-8A87-A45AAB3A0290}.Ad-Hoc|ARM.Deploy.0 = Release|ARM
		{257CE831-8234-400C-8A87-A45AAB3A0290}.Ad-Hoc|iPhone.ActiveCfg = Release|x86
		{257CE831-8234-400C-8A87-A45AAB3A0290}.Ad-Hoc|iPhone.Build.0 = Release|x86
		{257CE831-8234-400C-8A87-A45AAB3A0290}.Ad-Hoc|iPhone.Deploy.0 = Release|x86
		{257CE831-8234-400C-8A87-A45AAB3A0290}.Ad-Hoc|iPhoneSimulator.ActiveCfg = Release|x86
		{257CE831-8234-400C-8A87-A45AAB3A0290}.Ad-Hoc|iPhoneSimulator.Build.0 = Release|x86
		{257CE831-8234-400C-8A87-A45AAB3A0290}.Ad-Hoc|iPhoneSimulator.Deploy.0 = Release|x86
		{257CE831-8234-400C-8A87-A45AAB3A0290}.Ad-Hoc|x64.ActiveCfg = Release|x64
		{257CE831-8234-400C-8A87-A45AAB3A0290}.Ad-Hoc|x64.Build.0 = Release|x64
		{257CE831-8234-400C-8A87-A45AAB3A0290}.Ad-Hoc|x64.Deploy.0 = Release|x64
		{257CE831-8234-400C-8A87-A45AAB3A0290}.Ad-Hoc|x86.ActiveCfg = Release|x86
		{257CE831-8234-400C-8A87-A45AAB3A0290}.Ad-Hoc|x86.Build.0 = Release|x86
		{257CE831-8234-400C-8A87-A45AAB3A0290}.Ad-Hoc|x86.Deploy.0 = Release|x86
		{257CE831-8234-400C-8A87-A45AAB3A0290}.AppStore|Any CPU.ActiveCfg = Release|x86
		{257CE831-8234-400C-8A87-A45AAB3A0290}.AppStore|Any CPU.Build.0 = Release|x86
		{257CE831-8234-400C-8A87-A45AAB3A0290}.AppStore|Any CPU.Deploy.0 = Release|x86
		{257CE831-8234-400C-8A87-A45AAB3A0290}.AppStore|ARM.ActiveCfg = Release|ARM
		{257CE831-8234-400C-8A87-A45AAB3A0290}.AppStore|ARM.Build.0 = Release|ARM
		{257CE831-8234-400C-8A87-A45AAB3A0290}.AppStore|ARM.Deploy.0 = Release|ARM
		{257CE831-8234-400C-8A87-A45AAB3A0290}.AppStore|iPhone.ActiveCfg = Release|x86
		{257CE831-8234-400C-8A87-A45AAB3A0290}.AppStore|iPhone.Build.0 = Release|x86
		{257CE831-8234-400C-8A87-A45AAB3A0290}.AppStore|iPhone.Deploy.0 = Release|x86
		{257CE831-8234-400C-8A87-A45AAB3A0290}.AppStore|iPhoneSimulator.ActiveCfg = Release|x86
		{257CE831-8234-400C-8A87-A45AAB3A0290}.AppStore|iPhoneSimulator.Build.0 = Release|x86
		{257CE831-8234-400C-8A87-A45AAB3A0290}.AppStore|iPhoneSimulator.Deploy.0 = Release|x86
		{257CE831-8234-400C-8A87-A45AAB3A0290}.AppStore|x64.ActiveCfg = Release|x64
		{257CE831-8234-400C-8A87-A45AAB3A0290}.AppStore|x64.Build.0 = Release|x64
		{257CE831-8234-400C-8A87-A45AAB3A0290}.AppStore|x64.Deploy.0 = Release|x64
		{257CE831-8234-400C-8A87-A45AAB3A0290}.AppStore|x86.ActiveCfg = Release|x86
		{257CE831-8234-400C-8A87-A45AAB3A0290}.AppStore|x86.Build.0 = Release|x86
		{257CE831-8234-400C-8A87-A45AAB3A0290}.AppStore|x86.Deploy.0 = Release|x86
		{257CE831-8234-400C-8A87-A45AAB3A0290}.Debug|Any CPU.ActiveCfg = Debug|x86
		{257CE831-8234-400C-8A87-A45AAB3A0290}.Debug|ARM.ActiveCfg = Debug|ARM
		{257CE831-8234-400C-8A87-A45AAB3A0290}.Debug|ARM.Build.0 = Debug|ARM
		{257CE831-8234-400C-8A87-A45AAB3A0290}.Debug|ARM.Deploy.0 = Debug|ARM
		{257CE831-8234-400C-8A87-A45AAB3A0290}.Debug|iPhone.ActiveCfg = Debug|x86
		{257CE831-8234-400C-8A87-A45AAB3A0290}.Debug|iPhoneSimulator.ActiveCfg = Debug|x86
		{257CE831-8234-400C-8A87-A45AAB3A0290}.Debug|x64.ActiveCfg = Debug|x64
		{257CE831-8234-400C-8A87-A45AAB3A0290}.Debug|x64.Build.0 = Debug|x64
		{257CE831-8234-400C-8A87-A45AAB3A0290}.Debug|x64.Deploy.0 = Debug|x64
		{257CE831-8234-400C-8A87-A45AAB3A0290}.Debug|x86.ActiveCfg = Debug|x86
		{257CE831-8234-400C-8A87-A45AAB3A0290}.Debug|x86.Build.0 = Debug|x86
		{257CE831-8234-400C-8A87-A45AAB3A0290}.Debug|x86.Deploy.0 = Debug|x86
		{257CE831-8234-400C-8A87-A45AAB3A0290}.Release|Any CPU.ActiveCfg = Release|x86
		{257CE831-8234-400C-8A87-A45AAB3A0290}.Release|ARM.ActiveCfg = Release|ARM
		{257CE831-8234-400C-8A87-A45AAB3A0290}.Release|ARM.Build.0 = Release|ARM
		{257CE831-8234-400C-8A87-A45AAB3A0290}.Release|ARM.Deploy.0 = Release|ARM
		{257CE831-8234-400C-8A87-A45AAB3A0290}.Release|iPhone.ActiveCfg = Release|x86
		{257CE831-8234-400C-8A87-A45AAB3A0290}.Release|iPhoneSimulator.ActiveCfg = Release|x86
		{257CE831-8234-400C-8A87-A45AAB3A0290}.Release|x64.ActiveCfg = Release|x64
		{257CE831-8234-400C-8A87-A45AAB3A0290}.Release|x64.Build.0 = Release|x64
		{257CE831-8234-400C-8A87-A45AAB3A0290}.Release|x64.Deploy.0 = Release|x64
		{257CE831-8234-400C-8A87-A45AAB3A0290}.Release|x86.ActiveCfg = Release|x86
		{257CE831-8234-400C-8A87-A45AAB3A0290}.Release|x86.Build.0 = Release|x86
		{257CE831-8234-400C-8A87-A45AAB3A0290}.Release|x86.Deploy.0 = Release|x86
		{355A1131-B35A-455D-A6B0-E2B391A2C4C5}.Ad-Hoc|Any CPU.ActiveCfg = Debug|Any CPU
		{355A1131-B35A-455D-A6B0-E2B391A2C4C5}.Ad-Hoc|Any CPU.Build.0 = Debug|Any CPU
		{355A1131-B35A-455D-A6B0-E2B391A2C4C5}.Ad-Hoc|ARM.ActiveCfg = Debug|Any CPU
		{355A1131-B35A-455D-A6B0-E2B391A2C4C5}.Ad-Hoc|ARM.Build.0 = Debug|Any CPU
		{355A1131-B35A-455D-A6B0-E2B391A2C4C5}.Ad-Hoc|iPhone.ActiveCfg = Debug|Any CPU
		{355A1131-B35A-455D-A6B0-E2B391A2C4C5}.Ad-Hoc|iPhone.Build.0 = Debug|Any CPU
		{355A1131-B35A-455D-A6B0-E2B391A2C4C5}.Ad-Hoc|iPhoneSimulator.ActiveCfg = Debug|Any CPU
		{355A1131-B35A-455D-A6B0-E2B391A2C4C5}.Ad-Hoc|iPhoneSimulator.Build.0 = Debug|Any CPU
		{355A1131-B35A-455D-A6B0-E2B391A2C4C5}.Ad-Hoc|x64.ActiveCfg = Debug|Any CPU
		{355A1131-B35A-455D-A6B0-E2B391A2C4C5}.Ad-Hoc|x64.Build.0 = Debug|Any CPU
		{355A1131-B35A-455D-A6B0-E2B391A2C4C5}.Ad-Hoc|x86.ActiveCfg = Debug|Any CPU
		{355A1131-B35A-455D-A6B0-E2B391A2C4C5}.Ad-Hoc|x86.Build.0 = Debug|Any CPU
		{355A1131-B35A-455D-A6B0-E2B391A2C4C5}.AppStore|Any CPU.ActiveCfg = Debug|Any CPU
		{355A1131-B35A-455D-A6B0-E2B391A2C4C5}.AppStore|Any CPU.Build.0 = Debug|Any CPU
		{355A1131-B35A-455D-A6B0-E2B391A2C4C5}.AppStore|ARM.ActiveCfg = Debug|Any CPU
		{355A1131-B35A-455D-A6B0-E2B391A2C4C5}.AppStore|ARM.Build.0 = Debug|Any CPU
		{355A1131-B35A-455D-A6B0-E2B391A2C4C5}.AppStore|iPhone.ActiveCfg = Debug|Any CPU
		{355A1131-B35A-455D-A6B0-E2B391A2C4C5}.AppStore|iPhone.Build.0 = Debug|Any CPU
		{355A1131-B35A-455D-A6B0-E2B391A2C4C5}.AppStore|iPhoneSimulator.ActiveCfg = Debug|Any CPU
		{355A1131-B35A-455D-A6B0-E2B391A2C4C5}.AppStore|iPhoneSimulator.Build.0 = Debug|Any CPU
		{355A1131-B35A-455D-A6B0-E2B391A2C4C5}.AppStore|x64.ActiveCfg = Debug|Any CPU
		{355A1131-B35A-455D-A6B0-E2B391A2C4C5}.AppStore|x64.Build.0 = Debug|Any CPU
		{355A1131-B35A-455D-A6B0-E2B391A2C4C5}.AppStore|x86.ActiveCfg = Debug|Any CPU
		{355A1131-B35A-455D-A6B0-E2B391A2C4C5}.AppStore|x86.Build.0 = Debug|Any CPU
		{355A1131-B35A-455D-A6B0-E2B391A2C4C5}.Debug|Any CPU.ActiveCfg = Debug|Any CPU
		{355A1131-B35A-455D-A6B0-E2B391A2C4C5}.Debug|Any CPU.Build.0 = Debug|Any CPU
		{355A1131-B35A-455D-A6B0-E2B391A2C4C5}.Debug|ARM.ActiveCfg = Debug|Any CPU
		{355A1131-B35A-455D-A6B0-E2B391A2C4C5}.Debug|ARM.Build.0 = Debug|Any CPU
		{355A1131-B35A-455D-A6B0-E2B391A2C4C5}.Debug|iPhone.ActiveCfg = Debug|Any CPU
		{355A1131-B35A-455D-A6B0-E2B391A2C4C5}.Debug|iPhone.Build.0 = Debug|Any CPU
		{355A1131-B35A-455D-A6B0-E2B391A2C4C5}.Debug|iPhoneSimulator.ActiveCfg = Debug|Any CPU
		{355A1131-B35A-455D-A6B0-E2B391A2C4C5}.Debug|iPhoneSimulator.Build.0 = Debug|Any CPU
		{355A1131-B35A-455D-A6B0-E2B391A2C4C5}.Debug|x64.ActiveCfg = Debug|Any CPU
		{355A1131-B35A-455D-A6B0-E2B391A2C4C5}.Debug|x64.Build.0 = Debug|Any CPU
		{355A1131-B35A-455D-A6B0-E2B391A2C4C5}.Debug|x86.ActiveCfg = Debug|Any CPU
		{355A1131-B35A-455D-A6B0-E2B391A2C4C5}.Debug|x86.Build.0 = Debug|Any CPU
		{355A1131-B35A-455D-A6B0-E2B391A2C4C5}.Release|Any CPU.ActiveCfg = Release|Any CPU
		{355A1131-B35A-455D-A6B0-E2B391A2C4C5}.Release|Any CPU.Build.0 = Release|Any CPU
		{355A1131-B35A-455D-A6B0-E2B391A2C4C5}.Release|ARM.ActiveCfg = Release|Any CPU
		{355A1131-B35A-455D-A6B0-E2B391A2C4C5}.Release|ARM.Build.0 = Release|Any CPU
		{355A1131-B35A-455D-A6B0-E2B391A2C4C5}.Release|iPhone.ActiveCfg = Release|Any CPU
		{355A1131-B35A-455D-A6B0-E2B391A2C4C5}.Release|iPhone.Build.0 = Release|Any CPU
		{355A1131-B35A-455D-A6B0-E2B391A2C4C5}.Release|iPhoneSimulator.ActiveCfg = Release|Any CPU
		{355A1131-B35A-455D-A6B0-E2B391A2C4C5}.Release|iPhoneSimulator.Build.0 = Release|Any CPU
		{355A1131-B35A-455D-A6B0-E2B391A2C4C5}.Release|x64.ActiveCfg = Release|Any CPU
		{355A1131-B35A-455D-A6B0-E2B391A2C4C5}.Release|x64.Build.0 = Release|Any CPU
		{355A1131-B35A-455D-A6B0-E2B391A2C4C5}.Release|x86.ActiveCfg = Release|Any CPU
		{355A1131-B35A-455D-A6B0-E2B391A2C4C5}.Release|x86.Build.0 = Release|Any CPU
	EndGlobalSection
	GlobalSection(SolutionProperties) = preSolution
		HideSolutionNode = FALSE
	EndGlobalSection
	GlobalSection(NestedProjects) = preSolution
		{B97C4E50-DAA7-4D7B-B986-F141389C8E6E} = {FFAEE311-2646-41D5-B465-2FC63713BF33}
		{A3D98589-B9CA-45CB-9375-15F4A31897E5} = {FFAEE311-2646-41D5-B465-2FC63713BF33}
		{257CE831-8234-400C-8A87-A45AAB3A0290} = {FFAEE311-2646-41D5-B465-2FC63713BF33}
		{355A1131-B35A-455D-A6B0-E2B391A2C4C5} = {FFAEE311-2646-41D5-B465-2FC63713BF33}
	EndGlobalSection
	GlobalSection(ExtensibilityGlobals) = postSolution
		SolutionGuid = {B30A5DEE-882E-45F7-A9B9-D62A9BBC0589}
	EndGlobalSection
EndGlobal
